
Microsoft Visual Studio Solution File, Format Version 12.00
# Visual Studio 2012
# SharpDevelop 5.2
VisualStudioVersion = 12.0.20827.3
MinimumVisualStudioVersion = 10.0.40219.1
Project("{FAE04EC0-301F-11D3-BF4B-00C04F79EFBC}") = "usb cleaner", "usb cleaner.csproj", "{7E12EEEE-4B69-4BD0-988F-8973D1C9BC93}"
EndProject
Global
	GlobalSection(SolutionConfigurationPlatforms) = preSolution
		Debug|Any CPU = Debug|Any CPU
		Release|Any CPU = Release|Any CPU
	EndGlobalSection
	GlobalSection(ProjectConfigurationPlatforms) = postSolution
		{7E12EEEE-4B69-4BD0-988F-8973D1C9BC93}.Debug|Any CPU.ActiveCfg = Debug|Any CPU
		{7E12EEEE-4B69-4BD0-988F-8973D1C9BC93}.Debug|Any CPU.Build.0 = Debug|Any CPU
		{7E12EEEE-4B69-4BD0-988F-8973D1C9BC93}.Release|Any CPU.ActiveCfg = Release|Any CPU
		{7E12EEEE-4B69-4BD0-988F-8973D1C9BC93}.Release|Any CPU.Build.0 = Release|Any CPU
	EndGlobalSection
EndGlobal
